
Microsoft Visual Studio Solution File, Format Version 12.00
# Visual Studio Version 17
VisualStudioVersion = 17.0.31717.71
MinimumVisualStudioVersion = 10.0.40219.1
Project("{9A19103F-16F7-4668-BE54-9A1E7A4F7556}") = "MudBlazorTemplates2", "MudBlazorTemplates2.csproj", "{B99E619B-D40E-4021-952C-4AB96C0C0D73}"
EndProject
Global
	GlobalSection(SolutionConfigurationPlatforms) = preSolution
		Debug|Any CPU = Debug|Any CPU
		Release|Any CPU = Release|Any CPU
	EndGlobalSection
	GlobalSection(ProjectConfigurationPlatforms) = postSolution
		{B99E619B-D40E-4021-952C-4AB96C0C0D73}.Debug|Any CPU.ActiveCfg = Debug|Any CPU
		{B99E619B-D40E-4021-952C-4AB96C0C0D73}.Debug|Any CPU.Build.0 = Debug|Any CPU
		{B99E619B-D40E-4021-952C-4AB96C0C0D73}.Release|Any CPU.ActiveCfg = Release|Any CPU
		{B99E619B-D40E-4021-952C-4AB96C0C0D73}.Release|Any CPU.Build.0 = Release|Any CPU
	EndGlobalSection
	GlobalSection(SolutionProperties) = preSolution
		HideSolutionNode = FALSE
	EndGlobalSection
	GlobalSection(ExtensibilityGlobals) = postSolution
		SolutionGuid = {F6BDE141-4378-4252-8169-1CFBCC7829F0}
	EndGlobalSection
EndGlobal